
Microsoft Visual Studio Solution File, Format Version 12.00
# Visual Studio 15
Project("{FAE04EC0-301F-11D3-BF4B-00C04F79EFBC}") = "Assembly-CSharp", "Assembly-CSharp.csproj", "{EE978E02-FC88-89CA-321D-5FBDBA951672}"
EndProject
Project("{FAE04EC0-301F-11D3-BF4B-00C04F79EFBC}") = "Assembly-CSharp-Editor", "Assembly-CSharp-Editor.csproj", "{71713008-6CAF-1D97-598C-5F198CB215A6}"
EndProject
Global
	GlobalSection(SolutionConfigurationPlatforms) = preSolution
		Debug|Any CPU = Debug|Any CPU
		Release|Any CPU = Release|Any CPU
	EndGlobalSection
	GlobalSection(ProjectConfigurationPlatforms) = postSolution
		{EE978E02-FC88-89CA-321D-5FBDBA951672}.Debug|Any CPU.ActiveCfg = Debug|Any CPU
		{EE978E02-FC88-89CA-321D-5FBDBA951672}.Debug|Any CPU.Build.0 = Debug|Any CPU
		{EE978E02-FC88-89CA-321D-5FBDBA951672}.Release|Any CPU.ActiveCfg = Release|Any CPU
		{EE978E02-FC88-89CA-321D-5FBDBA951672}.Release|Any CPU.Build.0 = Release|Any CPU
		{71713008-6CAF-1D97-598C-5F198CB215A6}.Debug|Any CPU.ActiveCfg = Debug|Any CPU
		{71713008-6CAF-1D97-598C-5F198CB215A6}.Debug|Any CPU.Build.0 = Debug|Any CPU
		{71713008-6CAF-1D97-598C-5F198CB215A6}.Release|Any CPU.ActiveCfg = Release|Any CPU
		{71713008-6CAF-1D97-598C-5F198CB215A6}.Release|Any CPU.Build.0 = Release|Any CPU
	EndGlobalSection
	GlobalSection(SolutionProperties) = preSolution
		HideSolutionNode = FALSE
	EndGlobalSection
EndGlobal
